
Microsoft Visual Studio Solution File, Format Version 12.00
# Visual Studio Version 16
VisualStudioVersion = 16.0.31112.23
MinimumVisualStudioVersion = 10.0.40219.1
Project("{FAE04EC0-301F-11D3-BF4B-00C04F79EFBC}") = "7555PRG522Summative", "7555PRG522Summative\7555PRG522Summative.csproj", "{28F6C3EF-EA12-46CD-AB6E-61659C3EB422}"
EndProject
Global
	GlobalSection(SolutionConfigurationPlatforms) = preSolution
		Debug|Any CPU = Debug|Any CPU
		Release|Any CPU = Release|Any CPU
	EndGlobalSection
	GlobalSection(ProjectConfigurationPlatforms) = postSolution
		{28F6C3EF-EA12-46CD-AB6E-61659C3EB422}.Debug|Any CPU.ActiveCfg = Debug|Any CPU
		{28F6C3EF-EA12-46CD-AB6E-61659C3EB422}.Debug|Any CPU.Build.0 = Debug|Any CPU
		{28F6C3EF-EA12-46CD-AB6E-61659C3EB422}.Release|Any CPU.ActiveCfg = Release|Any CPU
		{28F6C3EF-EA12-46CD-AB6E-61659C3EB422}.Release|Any CPU.Build.0 = Release|Any CPU
	EndGlobalSection
	GlobalSection(SolutionProperties) = preSolution
		HideSolutionNode = FALSE
	EndGlobalSection
	GlobalSection(ExtensibilityGlobals) = postSolution
		SolutionGuid = {2FDA2C96-32AE-44E4-8FC6-126B09CD989C}
	EndGlobalSection
EndGlobal
